// !$*UTF8*$!
{
	archiveVersion = 1;
	classes = {
	};
	objectVersion = 56;
	objects = {

/* Begin PBXBuildFile section */
		3F07BB122A88B2EB00ED6AFD /* 2.webp in Resources */ = {isa = PBXBuildFile; fileRef = 3F07BB0F2A88B2EA00ED6AFD /* 2.webp */; };
		3F07BB132A88B2EB00ED6AFD /* 3.webp in Resources */ = {isa = PBXBuildFile; fileRef = 3F07BB102A88B2EB00ED6AFD /* 3.webp */; };
		3F07BB142A88B2EB00ED6AFD /* 1.webp in Resources */ = {isa = PBXBuildFile; fileRef = 3F07BB112A88B2EB00ED6AFD /* 1.webp */; };
		3F3744772A8B625C00773513 /* Setting.swift in Sources */ = {isa = PBXBuildFile; fileRef = 3F3744762A8B625C00773513 /* Setting.swift */; };
		3F3744792A8B62DB00773513 /* ProView.swift in Sources */ = {isa = PBXBuildFile; fileRef = 3F3744782A8B62DB00773513 /* ProView.swift */; };
		3F37447C2A8B630D00773513 /* IAP.swift in Sources */ = {isa = PBXBuildFile; fileRef = 3F37447A2A8B630D00773513 /* IAP.swift */; };
		3F37447D2A8B630D00773513 /* IAPViewModel.swift in Sources */ = {isa = PBXBuildFile; fileRef = 3F37447B2A8B630D00773513 /* IAPViewModel.swift */; };
		3F680D172A7E457A00BFB1F7 /* WriterApp.swift in Sources */ = {isa = PBXBuildFile; fileRef = 3F680D162A7E457A00BFB1F7 /* WriterApp.swift */; };
		3F680D192A7E457A00BFB1F7 /* ContentView.swift in Sources */ = {isa = PBXBuildFile; fileRef = 3F680D182A7E457A00BFB1F7 /* ContentView.swift */; };
		3F680D1B2A7E457F00BFB1F7 /* Assets.xcassets in Resources */ = {isa = PBXBuildFile; fileRef = 3F680D1A2A7E457F00BFB1F7 /* Assets.xcassets */; };
		3F680D1E2A7E457F00BFB1F7 /* Preview Assets.xcassets in Resources */ = {isa = PBXBuildFile; fileRef = 3F680D1D2A7E457F00BFB1F7 /* Preview Assets.xcassets */; };
		3F680D202A7E457F00BFB1F7 /* Persistence.swift in Sources */ = {isa = PBXBuildFile; fileRef = 3F680D1F2A7E457F00BFB1F7 /* Persistence.swift */; };
		3F680D232A7E457F00BFB1F7 /* Writer.xcdatamodeld in Sources */ = {isa = PBXBuildFile; fileRef = 3F680D212A7E457F00BFB1F7 /* Writer.xcdatamodeld */; };
		3F680D2D2A7E457F00BFB1F7 /* WriterTests.swift in Sources */ = {isa = PBXBuildFile; fileRef = 3F680D2C2A7E457F00BFB1F7 /* WriterTests.swift */; };
		3F680D372A7E457F00BFB1F7 /* WriterUITests.swift in Sources */ = {isa = PBXBuildFile; fileRef = 3F680D362A7E457F00BFB1F7 /* WriterUITests.swift */; };
		3F680D392A7E457F00BFB1F7 /* WriterUITestsLaunchTests.swift in Sources */ = {isa = PBXBuildFile; fileRef = 3F680D382A7E457F00BFB1F7 /* WriterUITestsLaunchTests.swift */; };
		3F7667C92A861DCE00C18CB7 /* Ex.swift in Sources */ = {isa = PBXBuildFile; fileRef = 3F7667C82A861DCE00C18CB7 /* Ex.swift */; };
		3F7667CB2A8622D500C18CB7 /* ItemRender.swift in Sources */ = {isa = PBXBuildFile; fileRef = 3F7667CA2A8622D500C18CB7 /* ItemRender.swift */; };
		3F92772A2A8C73520020A3CB /* Config.swift in Sources */ = {isa = PBXBuildFile; fileRef = 3F9277292A8C73520020A3CB /* Config.swift */; };
		3F945D832A7F7FDB007530BE /* LangChain in Frameworks */ = {isa = PBXBuildFile; productRef = 3F945D822A7F7FDB007530BE /* LangChain */; };
		3F945D862A7F8EDE007530BE /* ImagePickerView.swift in Sources */ = {isa = PBXBuildFile; fileRef = 3F945D852A7F8EDE007530BE /* ImagePickerView.swift */; };
		3F945D882A7F97FC007530BE /* env.txt in Resources */ = {isa = PBXBuildFile; fileRef = 3F945D872A7F97FC007530BE /* env.txt */; };
		3FAC53DE2A977DA600805733 /* LangChain in Frameworks */ = {isa = PBXBuildFile; productRef = 3FAC53DD2A977DA600805733 /* LangChain */; };
		3FC00FE32A89DFF300A66C22 /* NavContainer.swift in Sources */ = {isa = PBXBuildFile; fileRef = 3FC00FE02A89DFF300A66C22 /* NavContainer.swift */; };
		3FC00FE42A89DFF300A66C22 /* Use.swift in Sources */ = {isa = PBXBuildFile; fileRef = 3FC00FE12A89DFF300A66C22 /* Use.swift */; };
		3FC00FE52A89DFF300A66C22 /* Welcome.swift in Sources */ = {isa = PBXBuildFile; fileRef = 3FC00FE22A89DFF300A66C22 /* Welcome.swift */; };
		3FC00FE72A89E2A200A66C22 /* use.mp4 in Resources */ = {isa = PBXBuildFile; fileRef = 3FC00FE62A89E2A200A66C22 /* use.mp4 */; };
		3FC00FE92A89FD8500A66C22 /* ImageHandler.swift in Sources */ = {isa = PBXBuildFile; fileRef = 3FC00FE82A89FD8500A66C22 /* ImageHandler.swift */; };
		3FC00FEC2A8A164100A66C22 /* SwiftUIX in Frameworks */ = {isa = PBXBuildFile; productRef = 3FC00FEB2A8A164100A66C22 /* SwiftUIX */; };
		3FC00FEF2A8A166600A66C22 /* LoadingView in Frameworks */ = {isa = PBXBuildFile; productRef = 3FC00FEE2A8A166600A66C22 /* LoadingView */; };
		3FC00FF32A8A33C500A66C22 /* ItemList.swift in Sources */ = {isa = PBXBuildFile; fileRef = 3FC00FF22A8A33C500A66C22 /* ItemList.swift */; };
/* End PBXBuildFile section */

/* Begin PBXContainerItemProxy section */
		3F680D292A7E457F00BFB1F7 /* PBXContainerItemProxy */ = {
			isa = PBXContainerItemProxy;
			containerPortal = 3F680D0B2A7E457A00BFB1F7 /* Project object */;
			proxyType = 1;
			remoteGlobalIDString = 3F680D122A7E457A00BFB1F7;
			remoteInfo = Writer;
		};
		3F680D332A7E457F00BFB1F7 /* PBXContainerItemProxy */ = {
			isa = PBXContainerItemProxy;
			containerPortal = 3F680D0B2A7E457A00BFB1F7 /* Project object */;
			proxyType = 1;
			remoteGlobalIDString = 3F680D122A7E457A00BFB1F7;
			remoteInfo = Writer;
		};
/* End PBXContainerItemProxy section */

/* Begin PBXFileReference section */
		3F07BB0F2A88B2EA00ED6AFD /* 2.webp */ = {isa = PBXFileReference; lastKnownFileType = file; path = 2.webp; sourceTree = "<group>"; };
		3F07BB102A88B2EB00ED6AFD /* 3.webp */ = {isa = PBXFileReference; lastKnownFileType = file; path = 3.webp; sourceTree = "<group>"; };
		3F07BB112A88B2EB00ED6AFD /* 1.webp */ = {isa = PBXFileReference; lastKnownFileType = file; path = 1.webp; sourceTree = "<group>"; };
		3F3744762A8B625C00773513 /* Setting.swift */ = {isa = PBXFileReference; fileEncoding = 4; lastKnownFileType = sourcecode.swift; path = Setting.swift; sourceTree = "<group>"; };
		3F3744782A8B62DB00773513 /* ProView.swift */ = {isa = PBXFileReference; fileEncoding = 4; lastKnownFileType = sourcecode.swift; path = ProView.swift; sourceTree = "<group>"; };
		3F37447A2A8B630D00773513 /* IAP.swift */ = {isa = PBXFileReference; fileEncoding = 4; lastKnownFileType = sourcecode.swift; path = IAP.swift; sourceTree = "<group>"; };
		3F37447B2A8B630D00773513 /* IAPViewModel.swift */ = {isa = PBXFileReference; fileEncoding = 4; lastKnownFileType = sourcecode.swift; path = IAPViewModel.swift; sourceTree = "<group>"; };
		3F680D132A7E457A00BFB1F7 /* Writer.app */ = {isa = PBXFileReference; explicitFileType = wrapper.application; includeInIndex = 0; path = Writer.app; sourceTree = BUILT_PRODUCTS_DIR; };
		3F680D162A7E457A00BFB1F7 /* WriterApp.swift */ = {isa = PBXFileReference; lastKnownFileType = sourcecode.swift; path = WriterApp.swift; sourceTree = "<group>"; };
		3F680D182A7E457A00BFB1F7 /* ContentView.swift */ = {isa = PBXFileReference; lastKnownFileType = sourcecode.swift; path = ContentView.swift; sourceTree = "<group>"; };
		3F680D1A2A7E457F00BFB1F7 /* Assets.xcassets */ = {isa = PBXFileReference; lastKnownFileType = folder.assetcatalog; path = Assets.xcassets; sourceTree = "<group>"; };
		3F680D1D2A7E457F00BFB1F7 /* Preview Assets.xcassets */ = {isa = PBXFileReference; lastKnownFileType = folder.assetcatalog; path = "Preview Assets.xcassets"; sourceTree = "<group>"; };
		3F680D1F2A7E457F00BFB1F7 /* Persistence.swift */ = {isa = PBXFileReference; lastKnownFileType = sourcecode.swift; path = Persistence.swift; sourceTree = "<group>"; };
		3F680D222A7E457F00BFB1F7 /* Writer.xcdatamodel */ = {isa = PBXFileReference; lastKnownFileType = wrapper.xcdatamodel; path = Writer.xcdatamodel; sourceTree = "<group>"; };
		3F680D282A7E457F00BFB1F7 /* WriterTests.xctest */ = {isa = PBXFileReference; explicitFileType = wrapper.cfbundle; includeInIndex = 0; path = WriterTests.xctest; sourceTree = BUILT_PRODUCTS_DIR; };
		3F680D2C2A7E457F00BFB1F7 /* WriterTests.swift */ = {isa = PBXFileReference; lastKnownFileType = sourcecode.swift; path = WriterTests.swift; sourceTree = "<group>"; };
		3F680D322A7E457F00BFB1F7 /* WriterUITests.xctest */ = {isa = PBXFileReference; explicitFileType = wrapper.cfbundle; includeInIndex = 0; path = WriterUITests.xctest; sourceTree = BUILT_PRODUCTS_DIR; };
		3F680D362A7E457F00BFB1F7 /* WriterUITests.swift */ = {isa = PBXFileReference; lastKnownFileType = sourcecode.swift; path = WriterUITests.swift; sourceTree = "<group>"; };
		3F680D382A7E457F00BFB1F7 /* WriterUITestsLaunchTests.swift */ = {isa = PBXFileReference; lastKnownFileType = sourcecode.swift; path = WriterUITestsLaunchTests.swift; sourceTree = "<group>"; };
		3F7667C82A861DCE00C18CB7 /* Ex.swift */ = {isa = PBXFileReference; lastKnownFileType = sourcecode.swift; path = Ex.swift; sourceTree = "<group>"; };
		3F7667CA2A8622D500C18CB7 /* ItemRender.swift */ = {isa = PBXFileReference; fileEncoding = 4; lastKnownFileType = sourcecode.swift; path = ItemRender.swift; sourceTree = "<group>"; };
		3F9277292A8C73520020A3CB /* Config.swift */ = {isa = PBXFileReference; lastKnownFileType = sourcecode.swift; path = Config.swift; sourceTree = "<group>"; };
		3F945D852A7F8EDE007530BE /* ImagePickerView.swift */ = {isa = PBXFileReference; lastKnownFileType = sourcecode.swift; path = ImagePickerView.swift; sourceTree = "<group>"; };
		3F945D872A7F97FC007530BE /* env.txt */ = {isa = PBXFileReference; fileEncoding = 4; lastKnownFileType = text; path = env.txt; sourceTree = "<group>"; };
		3FC00FE02A89DFF300A66C22 /* NavContainer.swift */ = {isa = PBXFileReference; lastKnownFileType = sourcecode.swift; path = NavContainer.swift; sourceTree = "<group>"; };
		3FC00FE12A89DFF300A66C22 /* Use.swift */ = {isa = PBXFileReference; lastKnownFileType = sourcecode.swift; path = Use.swift; sourceTree = "<group>"; };
		3FC00FE22A89DFF300A66C22 /* Welcome.swift */ = {isa = PBXFileReference; lastKnownFileType = sourcecode.swift; path = Welcome.swift; sourceTree = "<group>"; };
		3FC00FE62A89E2A200A66C22 /* use.mp4 */ = {isa = PBXFileReference; lastKnownFileType = file; path = use.mp4; sourceTree = "<group>"; };
		3FC00FE82A89FD8500A66C22 /* ImageHandler.swift */ = {isa = PBXFileReference; lastKnownFileType = sourcecode.swift; path = ImageHandler.swift; sourceTree = "<group>"; };
		3FC00FF22A8A33C500A66C22 /* ItemList.swift */ = {isa = PBXFileReference; lastKnownFileType = sourcecode.swift; path = ItemList.swift; sourceTree = "<group>"; };
/* End PBXFileReference section */

/* Begin PBXFrameworksBuildPhase section */
		3F680D102A7E457A00BFB1F7 /* Frameworks */ = {
			isa = PBXFrameworksBuildPhase;
			buildActionMask = 2147483647;
			files = (
				3F945D832A7F7FDB007530BE /* LangChain in Frameworks */,
				3FC00FEC2A8A164100A66C22 /* SwiftUIX in Frameworks */,
				3FAC53DE2A977DA600805733 /* LangChain in Frameworks */,
				3FC00FEF2A8A166600A66C22 /* LoadingView in Frameworks */,
			);
			runOnlyForDeploymentPostprocessing = 0;
		};
		3F680D252A7E457F00BFB1F7 /* Frameworks */ = {
			isa = PBXFrameworksBuildPhase;
			buildActionMask = 2147483647;
			files = (
			);
			runOnlyForDeploymentPostprocessing = 0;
		};
		3F680D2F2A7E457F00BFB1F7 /* Frameworks */ = {
			isa = PBXFrameworksBuildPhase;
			buildActionMask = 2147483647;
			files = (
			);
			runOnlyForDeploymentPostprocessing = 0;
		};
/* End PBXFrameworksBuildPhase section */

/* Begin PBXGroup section */
		3F680D0A2A7E457A00BFB1F7 = {
			isa = PBXGroup;
			children = (
				3F680D152A7E457A00BFB1F7 /* Writer */,
				3F680D2B2A7E457F00BFB1F7 /* WriterTests */,
				3F680D352A7E457F00BFB1F7 /* WriterUITests */,
				3F680D142A7E457A00BFB1F7 /* Products */,
			);
			sourceTree = "<group>";
		};
		3F680D142A7E457A00BFB1F7 /* Products */ = {
			isa = PBXGroup;
			children = (
				3F680D132A7E457A00BFB1F7 /* Writer.app */,
				3F680D282A7E457F00BFB1F7 /* WriterTests.xctest */,
				3F680D322A7E457F00BFB1F7 /* WriterUITests.xctest */,
			);
			name = Products;
			sourceTree = "<group>";
		};
		3F680D152A7E457A00BFB1F7 /* Writer */ = {
			isa = PBXGroup;
			children = (
				3F680D162A7E457A00BFB1F7 /* WriterApp.swift */,
				3FC00FE02A89DFF300A66C22 /* NavContainer.swift */,
				3FC00FE12A89DFF300A66C22 /* Use.swift */,
				3FC00FE22A89DFF300A66C22 /* Welcome.swift */,
				3F680D182A7E457A00BFB1F7 /* ContentView.swift */,
				3F3744762A8B625C00773513 /* Setting.swift */,
				3F680D1A2A7E457F00BFB1F7 /* Assets.xcassets */,
				3F07BB112A88B2EB00ED6AFD /* 1.webp */,
				3F07BB0F2A88B2EA00ED6AFD /* 2.webp */,
				3F07BB102A88B2EB00ED6AFD /* 3.webp */,
				3F680D1F2A7E457F00BFB1F7 /* Persistence.swift */,
				3F680D212A7E457F00BFB1F7 /* Writer.xcdatamodeld */,
				3F945D872A7F97FC007530BE /* env.txt */,
				3F680D1C2A7E457F00BFB1F7 /* Preview Content */,
				3F945D852A7F8EDE007530BE /* ImagePickerView.swift */,
				3FC00FE62A89E2A200A66C22 /* use.mp4 */,
				3F7667CA2A8622D500C18CB7 /* ItemRender.swift */,
				3F7667C82A861DCE00C18CB7 /* Ex.swift */,
				3FC00FE82A89FD8500A66C22 /* ImageHandler.swift */,
				3FC00FF22A8A33C500A66C22 /* ItemList.swift */,
				3F37447A2A8B630D00773513 /* IAP.swift */,
				3F37447B2A8B630D00773513 /* IAPViewModel.swift */,
				3F3744782A8B62DB00773513 /* ProView.swift */,
				3F9277292A8C73520020A3CB /* Config.swift */,
			);
			path = Writer;
			sourceTree = "<group>";
		};
		3F680D1C2A7E457F00BFB1F7 /* Preview Content */ = {
			isa = PBXGroup;
			children = (
				3F680D1D2A7E457F00BFB1F7 /* Preview Assets.xcassets */,
			);
			path = "Preview Content";
			sourceTree = "<group>";
		};
		3F680D2B2A7E457F00BFB1F7 /* WriterTests */ = {
			isa = PBXGroup;
			children = (
				3F680D2C2A7E457F00BFB1F7 /* WriterTests.swift */,
			);
			path = WriterTests;
			sourceTree = "<group>";
		};
		3F680D352A7E457F00BFB1F7 /* WriterUITests */ = {
			isa = PBXGroup;
			children = (
				3F680D362A7E457F00BFB1F7 /* WriterUITests.swift */,
				3F680D382A7E457F00BFB1F7 /* WriterUITestsLaunchTests.swift */,
			);
			path = WriterUITests;
			sourceTree = "<group>";
		};
/* End PBXGroup section */

/* Begin PBXNativeTarget section */
		3F680D122A7E457A00BFB1F7 /* Writer */ = {
			isa = PBXNativeTarget;
			buildConfigurationList = 3F680D3C2A7E457F00BFB1F7 /* Build configuration list for PBXNativeTarget "Writer" */;
			buildPhases = (
				3F680D0F2A7E457A00BFB1F7 /* Sources */,
				3F680D102A7E457A00BFB1F7 /* Frameworks */,
				3F680D112A7E457A00BFB1F7 /* Resources */,
			);
			buildRules = (
			);
			dependencies = (
			);
			name = Writer;
			packageProductDependencies = (
				3F945D822A7F7FDB007530BE /* LangChain */,
				3FC00FEB2A8A164100A66C22 /* SwiftUIX */,
				3FC00FEE2A8A166600A66C22 /* LoadingView */,
				3FAC53DD2A977DA600805733 /* LangChain */,
			);
			productName = Writer;
			productReference = 3F680D132A7E457A00BFB1F7 /* Writer.app */;
			productType = "com.apple.product-type.application";
		};
		3F680D272A7E457F00BFB1F7 /* WriterTests */ = {
			isa = PBXNativeTarget;
			buildConfigurationList = 3F680D3F2A7E457F00BFB1F7 /* Build configuration list for PBXNativeTarget "WriterTests" */;
			buildPhases = (
				3F680D242A7E457F00BFB1F7 /* Sources */,
				3F680D252A7E457F00BFB1F7 /* Frameworks */,
				3F680D262A7E457F00BFB1F7 /* Resources */,
			);
			buildRules = (
			);
			dependencies = (
				3F680D2A2A7E457F00BFB1F7 /* PBXTargetDependency */,
			);
			name = WriterTests;
			productName = WriterTests;
			productReference = 3F680D282A7E457F00BFB1F7 /* WriterTests.xctest */;
			productType = "com.apple.product-type.bundle.unit-test";
		};
		3F680D312A7E457F00BFB1F7 /* WriterUITests */ = {
			isa = PBXNativeTarget;
			buildConfigurationList = 3F680D422A7E457F00BFB1F7 /* Build configuration list for PBXNativeTarget "WriterUITests" */;
			buildPhases = (
				3F680D2E2A7E457F00BFB1F7 /* Sources */,
				3F680D2F2A7E457F00BFB1F7 /* Frameworks */,
				3F680D302A7E457F00BFB1F7 /* Resources */,
			);
			buildRules = (
			);
			dependencies = (
				3F680D342A7E457F00BFB1F7 /* PBXTargetDependency */,
			);
			name = WriterUITests;
			productName = WriterUITests;
			productReference = 3F680D322A7E457F00BFB1F7 /* WriterUITests.xctest */;
			productType = "com.apple.product-type.bundle.ui-testing";
		};
/* End PBXNativeTarget section */

/* Begin PBXProject section */
		3F680D0B2A7E457A00BFB1F7 /* Project object */ = {
			isa = PBXProject;
			attributes = {
				BuildIndependentTargetsInParallel = 1;
				LastSwiftUpdateCheck = 1500;
				LastUpgradeCheck = 1500;
				TargetAttributes = {
					3F680D122A7E457A00BFB1F7 = {
						CreatedOnToolsVersion = 15.0;
					};
					3F680D272A7E457F00BFB1F7 = {
						CreatedOnToolsVersion = 15.0;
						TestTargetID = 3F680D122A7E457A00BFB1F7;
					};
					3F680D312A7E457F00BFB1F7 = {
						CreatedOnToolsVersion = 15.0;
						TestTargetID = 3F680D122A7E457A00BFB1F7;
					};
				};
			};
			buildConfigurationList = 3F680D0E2A7E457A00BFB1F7 /* Build configuration list for PBXProject "Writer" */;
			compatibilityVersion = "Xcode 14.0";
			developmentRegion = en;
			hasScannedForEncodings = 0;
			knownRegions = (
				en,
				Base,
			);
			mainGroup = 3F680D0A2A7E457A00BFB1F7;
			packageReferences = (
				3FC00FEA2A8A164100A66C22 /* XCRemoteSwiftPackageReference "SwiftUIX" */,
				3FC00FED2A8A166600A66C22 /* XCRemoteSwiftPackageReference "swiftui-loading-view" */,
				3FAC53DC2A977DA600805733 /* XCRemoteSwiftPackageReference "langchain-swift" */,
			);
			productRefGroup = 3F680D142A7E457A00BFB1F7 /* Products */;
			projectDirPath = "";
			projectRoot = "";
			targets = (
				3F680D122A7E457A00BFB1F7 /* Writer */,
				3F680D272A7E457F00BFB1F7 /* WriterTests */,
				3F680D312A7E457F00BFB1F7 /* WriterUITests */,
			);
		};
/* End PBXProject section */

/* Begin PBXResourcesBuildPhase section */
		3F680D112A7E457A00BFB1F7 /* Resources */ = {
			isa = PBXResourcesBuildPhase;
			buildActionMask = 2147483647;
			files = (
				3F07BB142A88B2EB00ED6AFD /* 1.webp in Resources */,
				3F07BB122A88B2EB00ED6AFD /* 2.webp in Resources */,
				3F945D882A7F97FC007530BE /* env.txt in Resources */,
				3FC00FE72A89E2A200A66C22 /* use.mp4 in Resources */,
				3F680D1E2A7E457F00BFB1F7 /* Preview Assets.xcassets in Resources */,
				3F07BB132A88B2EB00ED6AFD /* 3.webp in Resources */,
				3F680D1B2A7E457F00BFB1F7 /* Assets.xcassets in Resources */,
			);
			runOnlyForDeploymentPostprocessing = 0;
		};
		3F680D262A7E457F00BFB1F7 /* Resources */ = {
			isa = PBXResourcesBuildPhase;
			buildActionMask = 2147483647;
			files = (
			);
			runOnlyForDeploymentPostprocessing = 0;
		};
		3F680D302A7E457F00BFB1F7 /* Resources */ = {
			isa = PBXResourcesBuildPhase;
			buildActionMask = 2147483647;
			files = (
			);
			runOnlyForDeploymentPostprocessing = 0;
		};
/* End PBXResourcesBuildPhase section */

/* Begin PBXSourcesBuildPhase section */
		3F680D0F2A7E457A00BFB1F7 /* Sources */ = {
			isa = PBXSourcesBuildPhase;
			buildActionMask = 2147483647;
			files = (
				3F680D232A7E457F00BFB1F7 /* Writer.xcdatamodeld in Sources */,
				3F7667C92A861DCE00C18CB7 /* Ex.swift in Sources */,
				3F680D202A7E457F00BFB1F7 /* Persistence.swift in Sources */,
				3F37447D2A8B630D00773513 /* IAPViewModel.swift in Sources */,
				3F92772A2A8C73520020A3CB /* Config.swift in Sources */,
				3FC00FE92A89FD8500A66C22 /* ImageHandler.swift in Sources */,
				3F3744772A8B625C00773513 /* Setting.swift in Sources */,
				3FC00FF32A8A33C500A66C22 /* ItemList.swift in Sources */,
				3F680D192A7E457A00BFB1F7 /* ContentView.swift in Sources */,
				3FC00FE42A89DFF300A66C22 /* Use.swift in Sources */,
				3F7667CB2A8622D500C18CB7 /* ItemRender.swift in Sources */,
				3FC00FE52A89DFF300A66C22 /* Welcome.swift in Sources */,
				3F3744792A8B62DB00773513 /* ProView.swift in Sources */,
				3FC00FE32A89DFF300A66C22 /* NavContainer.swift in Sources */,
				3F680D172A7E457A00BFB1F7 /* WriterApp.swift in Sources */,
				3F37447C2A8B630D00773513 /* IAP.swift in Sources */,
				3F945D862A7F8EDE007530BE /* ImagePickerView.swift in Sources */,
			);
			runOnlyForDeploymentPostprocessing = 0;
		};
		3F680D242A7E457F00BFB1F7 /* Sources */ = {
			isa = PBXSourcesBuildPhase;
			buildActionMask = 2147483647;
			files = (
				3F680D2D2A7E457F00BFB1F7 /* WriterTests.swift in Sources */,
			);
			runOnlyForDeploymentPostprocessing = 0;
		};
		3F680D2E2A7E457F00BFB1F7 /* Sources */ = {
			isa = PBXSourcesBuildPhase;
			buildActionMask = 2147483647;
			files = (
				3F680D372A7E457F00BFB1F7 /* WriterUITests.swift in Sources */,
				3F680D392A7E457F00BFB1F7 /* WriterUITestsLaunchTests.swift in Sources */,
			);
			runOnlyForDeploymentPostprocessing = 0;
		};
/* End PBXSourcesBuildPhase section */

/* Begin PBXTargetDependency section */
		3F680D2A2A7E457F00BFB1F7 /* PBXTargetDependency */ = {
			isa = PBXTargetDependency;
			target = 3F680D122A7E457A00BFB1F7 /* Writer */;
			targetProxy = 3F680D292A7E457F00BFB1F7 /* PBXContainerItemProxy */;
		};
		3F680D342A7E457F00BFB1F7 /* PBXTargetDependency */ = {
			isa = PBXTargetDependency;
			target = 3F680D122A7E457A00BFB1F7 /* Writer */;
			targetProxy = 3F680D332A7E457F00BFB1F7 /* PBXContainerItemProxy */;
		};
/* End PBXTargetDependency section */

/* Begin XCBuildConfiguration section */
		3F680D3A2A7E457F00BFB1F7 /* Debug */ = {
			isa = XCBuildConfiguration;
			buildSettings = {
				ALWAYS_SEARCH_USER_PATHS = NO;
				ASSETCATALOG_COMPILER_GENERATE_SWIFT_ASSET_SYMBOL_EXTENSIONS = YES;
				CLANG_ANALYZER_NONNULL = YES;
				CLANG_ANALYZER_NUMBER_OBJECT_CONVERSION = YES_AGGRESSIVE;
				CLANG_CXX_LANGUAGE_STANDARD = "gnu++20";
				CLANG_ENABLE_MODULES = YES;
				CLANG_ENABLE_OBJC_ARC = YES;
				CLANG_ENABLE_OBJC_WEAK = YES;
				CLANG_WARN_BLOCK_CAPTURE_AUTORELEASING = YES;
				CLANG_WARN_BOOL_CONVERSION = YES;
				CLANG_WARN_COMMA = YES;
				CLANG_WARN_CONSTANT_CONVERSION = YES;
				CLANG_WARN_DEPRECATED_OBJC_IMPLEMENTATIONS = YES;
				CLANG_WARN_DIRECT_OBJC_ISA_USAGE = YES_ERROR;
				CLANG_WARN_DOCUMENTATION_COMMENTS = YES;
				CLANG_WARN_EMPTY_BODY = YES;
				CLANG_WARN_ENUM_CONVERSION = YES;
				CLANG_WARN_INFINITE_RECURSION = YES;
				CLANG_WARN_INT_CONVERSION = YES;
				CLANG_WARN_NON_LITERAL_NULL_CONVERSION = YES;
				CLANG_WARN_OBJC_IMPLICIT_RETAIN_SELF = YES;
				CLANG_WARN_OBJC_LITERAL_CONVERSION = YES;
				CLANG_WARN_OBJC_ROOT_CLASS = YES_ERROR;
				CLANG_WARN_QUOTED_INCLUDE_IN_FRAMEWORK_HEADER = YES;
				CLANG_WARN_RANGE_LOOP_ANALYSIS = YES;
				CLANG_WARN_STRICT_PROTOTYPES = YES;
				CLANG_WARN_SUSPICIOUS_MOVE = YES;
				CLANG_WARN_UNGUARDED_AVAILABILITY = YES_AGGRESSIVE;
				CLANG_WARN_UNREACHABLE_CODE = YES;
				CLANG_WARN__DUPLICATE_METHOD_MATCH = YES;
				COPY_PHASE_STRIP = NO;
				DEBUG_INFORMATION_FORMAT = dwarf;
				ENABLE_STRICT_OBJC_MSGSEND = YES;
				ENABLE_TESTABILITY = YES;
				ENABLE_USER_SCRIPT_SANDBOXING = YES;
				GCC_C_LANGUAGE_STANDARD = gnu17;
				GCC_DYNAMIC_NO_PIC = NO;
				GCC_NO_COMMON_BLOCKS = YES;
				GCC_OPTIMIZATION_LEVEL = 0;
				GCC_PREPROCESSOR_DEFINITIONS = (
					"DEBUG=1",
					"$(inherited)",
				);
				GCC_WARN_64_TO_32_BIT_CONVERSION = YES;
				GCC_WARN_ABOUT_RETURN_TYPE = YES_ERROR;
				GCC_WARN_UNDECLARED_SELECTOR = YES;
				GCC_WARN_UNINITIALIZED_AUTOS = YES_AGGRESSIVE;
				GCC_WARN_UNUSED_FUNCTION = YES;
				GCC_WARN_UNUSED_VARIABLE = YES;
				IPHONEOS_DEPLOYMENT_TARGET = 17.0;
				LOCALIZATION_PREFERS_STRING_CATALOGS = YES;
				MTL_ENABLE_DEBUG_INFO = INCLUDE_SOURCE;
				MTL_FAST_MATH = YES;
				ONLY_ACTIVE_ARCH = YES;
				SDKROOT = iphoneos;
				SWIFT_ACTIVE_COMPILATION_CONDITIONS = "DEBUG $(inherited)";
				SWIFT_OPTIMIZATION_LEVEL = "-Onone";
			};
			name = Debug;
		};
		3F680D3B2A7E457F00BFB1F7 /* Release */ = {
			isa = XCBuildConfiguration;
			buildSettings = {
				ALWAYS_SEARCH_USER_PATHS = NO;
				ASSETCATALOG_COMPILER_GENERATE_SWIFT_ASSET_SYMBOL_EXTENSIONS = YES;
				CLANG_ANALYZER_NONNULL = YES;
				CLANG_ANALYZER_NUMBER_OBJECT_CONVERSION = YES_AGGRESSIVE;
				CLANG_CXX_LANGUAGE_STANDARD = "gnu++20";
				CLANG_ENABLE_MODULES = YES;
				CLANG_ENABLE_OBJC_ARC = YES;
				CLANG_ENABLE_OBJC_WEAK = YES;
				CLANG_WARN_BLOCK_CAPTURE_AUTORELEASING = YES;
				CLANG_WARN_BOOL_CONVERSION = YES;
				CLANG_WARN_COMMA = YES;
				CLANG_WARN_CONSTANT_CONVERSION = YES;
				CLANG_WARN_DEPRECATED_OBJC_IMPLEMENTATIONS = YES;
				CLANG_WARN_DIRECT_OBJC_ISA_USAGE = YES_ERROR;
				CLANG_WARN_DOCUMENTATION_COMMENTS = YES;
				CLANG_WARN_EMPTY_BODY = YES;
				CLANG_WARN_ENUM_CONVERSION = YES;
				CLANG_WARN_INFINITE_RECURSION = YES;
				CLANG_WARN_INT_CONVERSION = YES;
				CLANG_WARN_NON_LITERAL_NULL_CONVERSION = YES;
				CLANG_WARN_OBJC_IMPLICIT_RETAIN_SELF = YES;
				CLANG_WARN_OBJC_LITERAL_CONVERSION = YES;
				CLANG_WARN_OBJC_ROOT_CLASS = YES_ERROR;
				CLANG_WARN_QUOTED_INCLUDE_IN_FRAMEWORK_HEADER = YES;
				CLANG_WARN_RANGE_LOOP_ANALYSIS = YES;
				CLANG_WARN_STRICT_PROTOTYPES = YES;
				CLANG_WARN_SUSPICIOUS_MOVE = YES;
				CLANG_WARN_UNGUARDED_AVAILABILITY = YES_AGGRESSIVE;
				CLANG_WARN_UNREACHABLE_CODE = YES;
				CLANG_WARN__DUPLICATE_METHOD_MATCH = YES;
				COPY_PHASE_STRIP = NO;
				DEBUG_INFORMATION_FORMAT = "dwarf-with-dsym";
				ENABLE_NS_ASSERTIONS = NO;
				ENABLE_STRICT_OBJC_MSGSEND = YES;
				ENABLE_USER_SCRIPT_SANDBOXING = YES;
				GCC_C_LANGUAGE_STANDARD = gnu17;
				GCC_NO_COMMON_BLOCKS = YES;
				GCC_WARN_64_TO_32_BIT_CONVERSION = YES;
				GCC_WARN_ABOUT_RETURN_TYPE = YES_ERROR;
				GCC_WARN_UNDECLARED_SELECTOR = YES;
				GCC_WARN_UNINITIALIZED_AUTOS = YES_AGGRESSIVE;
				GCC_WARN_UNUSED_FUNCTION = YES;
				GCC_WARN_UNUSED_VARIABLE = YES;
				IPHONEOS_DEPLOYMENT_TARGET = 17.0;
				LOCALIZATION_PREFERS_STRING_CATALOGS = YES;
				MTL_ENABLE_DEBUG_INFO = NO;
				MTL_FAST_MATH = YES;
				SDKROOT = iphoneos;
				SWIFT_COMPILATION_MODE = wholemodule;
				VALIDATE_PRODUCT = YES;
			};
			name = Release;
		};
		3F680D3D2A7E457F00BFB1F7 /* Debug */ = {
			isa = XCBuildConfiguration;
			buildSettings = {
				ASSETCATALOG_COMPILER_APPICON_NAME = AppIcon;
				ASSETCATALOG_COMPILER_GLOBAL_ACCENT_COLOR_NAME = AccentColor;
				CODE_SIGN_STYLE = Automatic;
				CURRENT_PROJECT_VERSION = 1;
				DEVELOPMENT_ASSET_PATHS = "\"Writer/Preview Content\"";
				DEVELOPMENT_TEAM = N22PJBS26Y;
				ENABLE_PREVIEWS = YES;
				GENERATE_INFOPLIST_FILE = YES;
				INFOPLIST_FILE = Writer/Info.plist;
				INFOPLIST_KEY_CFBundleDisplayName = "帮你写作文";
				INFOPLIST_KEY_LSApplicationCategoryType = "public.app-category.productivity";
				INFOPLIST_KEY_NSCameraUsageDescription = "识别作文题目";
				INFOPLIST_KEY_NSPhotoLibraryUsageDescription = "识别作文题目";
				INFOPLIST_KEY_UIApplicationSceneManifest_Generation = YES;
				INFOPLIST_KEY_UIApplicationSupportsIndirectInputEvents = YES;
				INFOPLIST_KEY_UILaunchScreen_Generation = YES;
				INFOPLIST_KEY_UISupportedInterfaceOrientations = UIInterfaceOrientationPortrait;
				INFOPLIST_KEY_UISupportedInterfaceOrientations_iPad = "UIInterfaceOrientationPortrait UIInterfaceOrientationPortraitUpsideDown";
				IPHONEOS_DEPLOYMENT_TARGET = 16.0;
				LD_RUNPATH_SEARCH_PATHS = (
					"$(inherited)",
					"@executable_path/Frameworks",
				);
				MARKETING_VERSION = 1.0;
				PRODUCT_BUNDLE_IDENTIFIER = dev.buhe.Writer;
				PRODUCT_NAME = "$(TARGET_NAME)";
				SWIFT_EMIT_LOC_STRINGS = YES;
				SWIFT_VERSION = 5.0;
				TARGETED_DEVICE_FAMILY = "1,2";
			};
			name = Debug;
		};
		3F680D3E2A7E457F00BFB1F7 /* Release */ = {
			isa = XCBuildConfiguration;
			buildSettings = {
				ASSETCATALOG_COMPILER_APPICON_NAME = AppIcon;
				ASSETCATALOG_COMPILER_GLOBAL_ACCENT_COLOR_NAME = AccentColor;
				CODE_SIGN_STYLE = Automatic;
				CURRENT_PROJECT_VERSION = 1;
				DEVELOPMENT_ASSET_PATHS = "\"Writer/Preview Content\"";
				DEVELOPMENT_TEAM = N22PJBS26Y;
				ENABLE_PREVIEWS = YES;
				GENERATE_INFOPLIST_FILE = YES;
				INFOPLIST_FILE = Writer/Info.plist;
				INFOPLIST_KEY_CFBundleDisplayName = "帮你写作文";
				INFOPLIST_KEY_LSApplicationCategoryType = "public.app-category.productivity";
				INFOPLIST_KEY_NSCameraUsageDescription = "识别作文题目";
				INFOPLIST_KEY_NSPhotoLibraryUsageDescription = "识别作文题目";
				INFOPLIST_KEY_UIApplicationSceneManifest_Generation = YES;
				INFOPLIST_KEY_UIApplicationSupportsIndirectInputEvents = YES;
				INFOPLIST_KEY_UILaunchScreen_Generation = YES;
				INFOPLIST_KEY_UISupportedInterfaceOrientations = UIInterfaceOrientationPortrait;
				INFOPLIST_KEY_UISupportedInterfaceOrientations_iPad = "UIInterfaceOrientationPortrait UIInterfaceOrientationPortraitUpsideDown";
				IPHONEOS_DEPLOYMENT_TARGET = 16.0;
				LD_RUNPATH_SEARCH_PATHS = (
					"$(inherited)",
					"@executable_path/Frameworks",
				);
				MARKETING_VERSION = 1.0;
				PRODUCT_BUNDLE_IDENTIFIER = dev.buhe.Writer;
				PRODUCT_NAME = "$(TARGET_NAME)";
				SWIFT_EMIT_LOC_STRINGS = YES;
				SWIFT_VERSION = 5.0;
				TARGETED_DEVICE_FAMILY = "1,2";
			};
			name = Release;
		};
		3F680D402A7E457F00BFB1F7 /* Debug */ = {
			isa = XCBuildConfiguration;
			buildSettings = {
				ALWAYS_EMBED_SWIFT_STANDARD_LIBRARIES = YES;
				BUNDLE_LOADER = "$(TEST_HOST)";
				CODE_SIGN_STYLE = Automatic;
				CURRENT_PROJECT_VERSION = 1;
				DEVELOPMENT_TEAM = N22PJBS26Y;
				GENERATE_INFOPLIST_FILE = YES;
				IPHONEOS_DEPLOYMENT_TARGET = 17.0;
				MARKETING_VERSION = 1.0;
				PRODUCT_BUNDLE_IDENTIFIER = dev.buhe.WriterTests;
				PRODUCT_NAME = "$(TARGET_NAME)";
				SWIFT_EMIT_LOC_STRINGS = NO;
				SWIFT_VERSION = 5.0;
				TARGETED_DEVICE_FAMILY = "1,2";
				TEST_HOST = "$(BUILT_PRODUCTS_DIR)/Writer.app/$(BUNDLE_EXECUTABLE_FOLDER_PATH)/Writer";
			};
			name = Debug;
		};
		3F680D412A7E457F00BFB1F7 /* Release */ = {
			isa = XCBuildConfiguration;
			buildSettings = {
				ALWAYS_EMBED_SWIFT_STANDARD_LIBRARIES = YES;
				BUNDLE_LOADER = "$(TEST_HOST)";
				CODE_SIGN_STYLE = Automatic;
				CURRENT_PROJECT_VERSION = 1;
				DEVELOPMENT_TEAM = N22PJBS26Y;
				GENERATE_INFOPLIST_FILE = YES;
				IPHONEOS_DEPLOYMENT_TARGET = 17.0;
				MARKETING_VERSION = 1.0;
				PRODUCT_BUNDLE_IDENTIFIER = dev.buhe.WriterTests;
				PRODUCT_NAME = "$(TARGET_NAME)";
				SWIFT_EMIT_LOC_STRINGS = NO;
				SWIFT_VERSION = 5.0;
				TARGETED_DEVICE_FAMILY = "1,2";
				TEST_HOST = "$(BUILT_PRODUCTS_DIR)/Writer.app/$(BUNDLE_EXECUTABLE_FOLDER_PATH)/Writer";
			};
			name = Release;
		};
		3F680D432A7E457F00BFB1F7 /* Debug */ = {
			isa = XCBuildConfiguration;
			buildSettings = {
				ALWAYS_EMBED_SWIFT_STANDARD_LIBRARIES = YES;
				CODE_SIGN_STYLE = Automatic;
				CURRENT_PROJECT_VERSION = 1;
				DEVELOPMENT_TEAM = N22PJBS26Y;
				GENERATE_INFOPLIST_FILE = YES;
				MARKETING_VERSION = 1.0;
				PRODUCT_BUNDLE_IDENTIFIER = dev.buhe.WriterUITests;
				PRODUCT_NAME = "$(TARGET_NAME)";
				SWIFT_EMIT_LOC_STRINGS = NO;
				SWIFT_VERSION = 5.0;
				TARGETED_DEVICE_FAMILY = "1,2";
				TEST_TARGET_NAME = Writer;
			};
			name = Debug;
		};
		3F680D442A7E457F00BFB1F7 /* Release */ = {
			isa = XCBuildConfiguration;
			buildSettings = {
				ALWAYS_EMBED_SWIFT_STANDARD_LIBRARIES = YES;
				CODE_SIGN_STYLE = Automatic;
				CURRENT_PROJECT_VERSION = 1;
				DEVELOPMENT_TEAM = N22PJBS26Y;
				GENERATE_INFOPLIST_FILE = YES;
				MARKETING_VERSION = 1.0;
				PRODUCT_BUNDLE_IDENTIFIER = dev.buhe.WriterUITests;
				PRODUCT_NAME = "$(TARGET_NAME)";
				SWIFT_EMIT_LOC_STRINGS = NO;
				SWIFT_VERSION = 5.0;
				TARGETED_DEVICE_FAMILY = "1,2";
				TEST_TARGET_NAME = Writer;
			};
			name = Release;
		};
/* End XCBuildConfiguration section */

/* Begin XCConfigurationList section */
		3F680D0E2A7E457A00BFB1F7 /* Build configuration list for PBXProject "Writer" */ = {
			isa = XCConfigurationList;
			buildConfigurations = (
				3F680D3A2A7E457F00BFB1F7 /* Debug */,
				3F680D3B2A7E457F00BFB1F7 /* Release */,
			);
			defaultConfigurationIsVisible = 0;
			defaultConfigurationName = Release;
		};
		3F680D3C2A7E457F00BFB1F7 /* Build configuration list for PBXNativeTarget "Writer" */ = {
			isa = XCConfigurationList;
			buildConfigurations = (
				3F680D3D2A7E457F00BFB1F7 /* Debug */,
				3F680D3E2A7E457F00BFB1F7 /* Release */,
			);
			defaultConfigurationIsVisible = 0;
			defaultConfigurationName = Release;
		};
		3F680D3F2A7E457F00BFB1F7 /* Build configuration list for PBXNativeTarget "WriterTests" */ = {
			isa = XCConfigurationList;
			buildConfigurations = (
				3F680D402A7E457F00BFB1F7 /* Debug */,
				3F680D412A7E457F00BFB1F7 /* Release */,
			);
			defaultConfigurationIsVisible = 0;
			defaultConfigurationName = Release;
		};
		3F680D422A7E457F00BFB1F7 /* Build configuration list for PBXNativeTarget "WriterUITests" */ = {
			isa = XCConfigurationList;
			buildConfigurations = (
				3F680D432A7E457F00BFB1F7 /* Debug */,
				3F680D442A7E457F00BFB1F7 /* Release */,
			);
			defaultConfigurationIsVisible = 0;
			defaultConfigurationName = Release;
		};
/* End XCConfigurationList section */

/* Begin XCRemoteSwiftPackageReference section */
		3FAC53DC2A977DA600805733 /* XCRemoteSwiftPackageReference "langchain-swift" */ = {
			isa = XCRemoteSwiftPackageReference;
			repositoryURL = "https://github.com/buhe/langchain-swift";
			requirement = {
				kind = upToNextMajorVersion;
				minimumVersion = 0.16.0;
			};
		};
		3FC00FEA2A8A164100A66C22 /* XCRemoteSwiftPackageReference "SwiftUIX" */ = {
			isa = XCRemoteSwiftPackageReference;
			repositoryURL = "https://github.com/SwiftUIX/SwiftUIX";
			requirement = {
				kind = upToNextMajorVersion;
				minimumVersion = 0.1.6;
			};
		};
		3FC00FED2A8A166600A66C22 /* XCRemoteSwiftPackageReference "swiftui-loading-view" */ = {
			isa = XCRemoteSwiftPackageReference;
			repositoryURL = "https://github.com/DanielMandea/swiftui-loading-view";
			requirement = {
				kind = upToNextMajorVersion;
				minimumVersion = 1.1.7;
			};
		};
/* End XCRemoteSwiftPackageReference section */

/* Begin XCSwiftPackageProductDependency section */
		3F945D822A7F7FDB007530BE /* LangChain */ = {
			isa = XCSwiftPackageProductDependency;
			productName = LangChain;
		};
		3FAC53DD2A977DA600805733 /* LangChain */ = {
			isa = XCSwiftPackageProductDependency;
			package = 3FAC53DC2A977DA600805733 /* XCRemoteSwiftPackageReference "langchain-swift" */;
			productName = LangChain;
		};
		3FC00FEB2A8A164100A66C22 /* SwiftUIX */ = {
			isa = XCSwiftPackageProductDependency;
			package = 3FC00FEA2A8A164100A66C22 /* XCRemoteSwiftPackageReference "SwiftUIX" */;
			productName = SwiftUIX;
		};
		3FC00FEE2A8A166600A66C22 /* LoadingView */ = {
			isa = XCSwiftPackageProductDependency;
			package = 3FC00FED2A8A166600A66C22 /* XCRemoteSwiftPackageReference "swiftui-loading-view" */;
			productName = LoadingView;
		};
/* End XCSwiftPackageProductDependency section */

/* Begin XCVersionGroup section */
		3F680D212A7E457F00BFB1F7 /* Writer.xcdatamodeld */ = {
			isa = XCVersionGroup;
			children = (
				3F680D222A7E457F00BFB1F7 /* Writer.xcdatamodel */,
			);
			currentVersion = 3F680D222A7E457F00BFB1F7 /* Writer.xcdatamodel */;
			path = Writer.xcdatamodeld;
			sourceTree = "<group>";
			versionGroupType = wrapper.xcdatamodel;
		};
/* End XCVersionGroup section */
	};
	rootObject = 3F680D0B2A7E457A00BFB1F7 /* Project object */;
}
